
Microsoft Visual Studio Solution File, Format Version 12.00
# Visual Studio Version 17
VisualStudioVersion = 17.0.31903.59
MinimumVisualStudioVersion = 10.0.40219.1
Project("{2150E333-8FDC-42A3-9474-1A3956D46DE8}") = "src", "src", "{827E0CD3-B72D-47B6-A68D-7590B98EB39B}"
EndProject
Project("{FAE04EC0-301F-11D3-BF4B-00C04F79EFBC}") = "LocalAsrClient.Core", "src\LocalAsrClient.Core\LocalAsrClient.Core.csproj", "{BB9F5FE4-DB54-459E-96CB-255A3821C116}"
EndProject
Project("{FAE04EC0-301F-11D3-BF4B-00C04F79EFBC}") = "LocalAsrClient.App", "src\LocalAsrClient.App\LocalAsrClient.App.csproj", "{AAA48046-29FE-4182-BE19-F188C6A2D823}"
EndProject
Project("{2150E333-8FDC-42A3-9474-1A3956D46DE8}") = "tests", "tests", "{0AB3BF05-4346-4AA6-1389-037BE0695223}"
EndProject
Project("{FAE04EC0-301F-11D3-BF4B-00C04F79EFBC}") = "LocalAsrClient.Core.Tests", "tests\LocalAsrClient.Core.Tests\LocalAsrClient.Core.Tests.csproj", "{9310A59D-BECC-4963-B89E-7972883795DF}"
EndProject
Project("{FAE04EC0-301F-11D3-BF4B-00C04F79EFBC}") = "LocalAsrClient.App.Tests", "tests\LocalAsrClient.App.Tests\LocalAsrClient.App.Tests.csproj", "{8DA79AAE-DAB9-45BF-9160-7586B8CE0F4D}"
EndProject
Global
	GlobalSection(SolutionConfigurationPlatforms) = preSolution
		Debug|Any CPU = Debug|Any CPU
		Debug|x64 = Debug|x64
		Debug|x86 = Debug|x86
		Release|Any CPU = Release|Any CPU
		Release|x64 = Release|x64
		Release|x86 = Release|x86
	EndGlobalSection
	GlobalSection(ProjectConfigurationPlatforms) = postSolution
		{BB9F5FE4-DB54-459E-96CB-255A3821C116}.Debug|Any CPU.ActiveCfg = Debug|Any CPU
		{BB9F5FE4-DB54-459E-96CB-255A3821C116}.Debug|Any CPU.Build.0 = Debug|Any CPU
		{BB9F5FE4-DB54-459E-96CB-255A3821C116}.Debug|x64.ActiveCfg = Debug|Any CPU
		{BB9F5FE4-DB54-459E-96CB-255A3821C116}.Debug|x64.Build.0 = Debug|Any CPU
		{BB9F5FE4-DB54-459E-96CB-255A3821C116}.Debug|x86.ActiveCfg = Debug|Any CPU
		{BB9F5FE4-DB54-459E-96CB-255A3821C116}.Debug|x86.Build.0 = Debug|Any CPU
		{BB9F5FE4-DB54-459E-96CB-255A3821C116}.Release|Any CPU.ActiveCfg = Release|Any CPU
		{BB9F5FE4-DB54-459E-96CB-255A3821C116}.Release|Any CPU.Build.0 = Release|Any CPU
		{BB9F5FE4-DB54-459E-96CB-255A3821C116}.Release|x64.ActiveCfg = Release|Any CPU
		{BB9F5FE4-DB54-459E-96CB-255A3821C116}.Release|x64.Build.0 = Release|Any CPU
		{BB9F5FE4-DB54-459E-96CB-255A3821C116}.Release|x86.ActiveCfg = Release|Any CPU
		{BB9F5FE4-DB54-459E-96CB-255A3821C116}.Release|x86.Build.0 = Release|Any CPU
		{AAA48046-29FE-4182-BE19-F188C6A2D823}.Debug|Any CPU.ActiveCfg = Debug|Any CPU
		{AAA48046-29FE-4182-BE19-F188C6A2D823}.Debug|Any CPU.Build.0 = Debug|Any CPU
		{AAA48046-29FE-4182-BE19-F188C6A2D823}.Debug|x64.ActiveCfg = Debug|Any CPU
		{AAA48046-29FE-4182-BE19-F188C6A2D823}.Debug|x64.Build.0 = Debug|Any CPU
		{AAA48046-29FE-4182-BE19-F188C6A2D823}.Debug|x86.ActiveCfg = Debug|Any CPU
		{AAA48046-29FE-4182-BE19-F188C6A2D823}.Debug|x86.Build.0 = Debug|Any CPU
		{AAA48046-29FE-4182-BE19-F188C6A2D823}.Release|Any CPU.ActiveCfg = Release|Any CPU
		{AAA48046-29FE-4182-BE19-F188C6A2D823}.Release|Any CPU.Build.0 = Release|Any CPU
		{AAA48046-29FE-4182-BE19-F188C6A2D823}.Release|x64.ActiveCfg = Release|Any CPU
		{AAA48046-29FE-4182-BE19-F188C6A2D823}.Release|x64.Build.0 = Release|Any CPU
		{AAA48046-29FE-4182-BE19-F188C6A2D823}.Release|x86.ActiveCfg = Release|Any CPU
		{AAA48046-29FE-4182-BE19-F188C6A2D823}.Release|x86.Build.0 = Release|Any CPU
		{9310A59D-BECC-4963-B89E-7972883795DF}.Debug|Any CPU.ActiveCfg = Debug|Any CPU
		{9310A59D-BECC-4963-B89E-7972883795DF}.Debug|Any CPU.Build.0 = Debug|Any CPU
		{9310A59D-BECC-4963-B89E-7972883795DF}.Debug|x64.ActiveCfg = Debug|Any CPU
		{9310A59D-BECC-4963-B89E-7972883795DF}.Debug|x64.Build.0 = Debug|Any CPU
		{9310A59D-BECC-4963-B89E-7972883795DF}.Debug|x86.ActiveCfg = Debug|Any CPU
		{9310A59D-BECC-4963-B89E-7972883795DF}.Debug|x86.Build.0 = Debug|Any CPU
		{9310A59D-BECC-4963-B89E-7972883795DF}.Release|Any CPU.ActiveCfg = Release|Any CPU
		{9310A59D-BECC-4963-B89E-7972883795DF}.Release|Any CPU.Build.0 = Release|Any CPU
		{9310A59D-BECC-4963-B89E-7972883795DF}.Release|x64.ActiveCfg = Release|Any CPU
		{9310A59D-BECC-4963-B89E-7972883795DF}.Release|x64.Build.0 = Release|Any CPU
		{9310A59D-BECC-4963-B89E-7972883795DF}.Release|x86.ActiveCfg = Release|Any CPU
		{9310A59D-BECC-4963-B89E-7972883795DF}.Release|x86.Build.0 = Release|Any CPU
		{8DA79AAE-DAB9-45BF-9160-7586B8CE0F4D}.Debug|Any CPU.ActiveCfg = Debug|Any CPU
		{8DA79AAE-DAB9-45BF-9160-7586B8CE0F4D}.Debug|Any CPU.Build.0 = Debug|Any CPU
		{8DA79AAE-DAB9-45BF-9160-7586B8CE0F4D}.Debug|x64.ActiveCfg = Debug|Any CPU
		{8DA79AAE-DAB9-45BF-9160-7586B8CE0F4D}.Debug|x64.Build.0 = Debug|Any CPU
		{8DA79AAE-DAB9-45BF-9160-7586B8CE0F4D}.Debug|x86.ActiveCfg = Debug|Any CPU
		{8DA79AAE-DAB9-45BF-9160-7586B8CE0F4D}.Debug|x86.Build.0 = Debug|Any CPU
		{8DA79AAE-DAB9-45BF-9160-7586B8CE0F4D}.Release|Any CPU.ActiveCfg = Release|Any CPU
		{8DA79AAE-DAB9-45BF-9160-7586B8CE0F4D}.Release|Any CPU.Build.0 = Release|Any CPU
		{8DA79AAE-DAB9-45BF-9160-7586B8CE0F4D}.Release|x64.ActiveCfg = Release|Any CPU
		{8DA79AAE-DAB9-45BF-9160-7586B8CE0F4D}.Release|x64.Build.0 = Release|Any CPU
		{8DA79AAE-DAB9-45BF-9160-7586B8CE0F4D}.Release|x86.ActiveCfg = Release|Any CPU
		{8DA79AAE-DAB9-45BF-9160-7586B8CE0F4D}.Release|x86.Build.0 = Release|Any CPU
	EndGlobalSection
	GlobalSection(SolutionProperties) = preSolution
		HideSolutionNode = FALSE
	EndGlobalSection
	GlobalSection(NestedProjects) = preSolution
		{BB9F5FE4-DB54-459E-96CB-255A3821C116} = {827E0CD3-B72D-47B6-A68D-7590B98EB39B}
		{AAA48046-29FE-4182-BE19-F188C6A2D823} = {827E0CD3-B72D-47B6-A68D-7590B98EB39B}
		{9310A59D-BECC-4963-B89E-7972883795DF} = {0AB3BF05-4346-4AA6-1389-037BE0695223}
		{8DA79AAE-DAB9-45BF-9160-7586B8CE0F4D} = {0AB3BF05-4346-4AA6-1389-037BE0695223}
	EndGlobalSection
EndGlobal
